# This file is automatically @generated by Cargo.
# It is not intended for manual editing.
version = 4

[[package]]
name = "mosaic-client"
version = "0.1.0"
dependencies = [
 "mosaic-crypto",
 "mosaic-domain",
]

[[package]]
name = "mosaic-crypto"
version = "0.1.0"
dependencies = [
 "mosaic-domain",
]

[[package]]
name = "mosaic-domain"
version = "0.1.0"

[[package]]
name = "mosaic-media"
version = "0.1.0"
dependencies = [
 "mosaic-domain",
]

[[package]]
name = "mosaic-uniffi"
version = "0.1.0"
dependencies = [
 "mosaic-client",
 "mosaic-crypto",
 "mosaic-domain",
]

[[package]]
name = "mosaic-wasm"
version = "0.1.0"
dependencies = [
 "mosaic-client",
 "mosaic-crypto",
 "mosaic-domain",
]
